
Microsoft Visual Studio Solution File, Format Version 12.00
# Visual Studio 15
VisualStudioVersion = 15.0.26730.12
MinimumVisualStudioVersion = 10.0.40219.1
Project("{FAE04EC0-301F-11D3-BF4B-00C04F79EFBC}") = "Mesarbres", "Mesarbres\Mesarbres.csproj", "{5AAF3272-165A-453D-AD34-D839642D498E}"
EndProject
Project("{FAE04EC0-301F-11D3-BF4B-00C04F79EFBC}") = "PostgreSQL.AspNet.Identity.EntityFramework", "PostgreSQL.AspNet.Identity.EntityFramework\PostgreSQL.AspNet.Identity.EntityFramework.csproj", "{FA718219-F0D7-4E24-855F-3CB01C2A857E}"
EndProject
Global
	GlobalSection(SolutionConfigurationPlatforms) = preSolution
		Debug|Any CPU = Debug|Any CPU
		Release|Any CPU = Release|Any CPU
	EndGlobalSection
	GlobalSection(ProjectConfigurationPlatforms) = postSolution
		{5AAF3272-165A-453D-AD34-D839642D498E}.Debug|Any CPU.ActiveCfg = Debug|Any CPU
		{5AAF3272-165A-453D-AD34-D839642D498E}.Debug|Any CPU.Build.0 = Debug|Any CPU
		{5AAF3272-165A-453D-AD34-D839642D498E}.Release|Any CPU.ActiveCfg = Release|Any CPU
		{5AAF3272-165A-453D-AD34-D839642D498E}.Release|Any CPU.Build.0 = Release|Any CPU
		{FA718219-F0D7-4E24-855F-3CB01C2A857E}.Debug|Any CPU.ActiveCfg = Debug|Any CPU
		{FA718219-F0D7-4E24-855F-3CB01C2A857E}.Debug|Any CPU.Build.0 = Debug|Any CPU
		{FA718219-F0D7-4E24-855F-3CB01C2A857E}.Release|Any CPU.ActiveCfg = Release|Any CPU
		{FA718219-F0D7-4E24-855F-3CB01C2A857E}.Release|Any CPU.Build.0 = Release|Any CPU
	EndGlobalSection
	GlobalSection(SolutionProperties) = preSolution
		HideSolutionNode = FALSE
	EndGlobalSection
	GlobalSection(ExtensibilityGlobals) = postSolution
		SolutionGuid = {20EEDA4B-57DD-4B52-955A-E9EADC3DBE6C}
	EndGlobalSection
EndGlobal
